
Microsoft Visual Studio Solution File, Format Version 12.00
# Visual Studio Version 17
VisualStudioVersion = 17.3.32929.385
MinimumVisualStudioVersion = 10.0.40219.1
Project("{FAE04EC0-301F-11D3-BF4B-00C04F79EFBC}") = "IT18304", "IT18304\IT18304.csproj", "{F59B515E-8D6D-4D23-9D55-B1260408ECE2}"
EndProject
Project("{FAE04EC0-301F-11D3-BF4B-00C04F79EFBC}") = "BAI_1_KHAI_BAO_BIEN", "BAI_1_KHAI_BAO_BIEN\BAI_1_KHAI_BAO_BIEN.csproj", "{54FEB04E-9560-4972-8196-DEC7EFBBFD74}"
EndProject
Project("{FAE04EC0-301F-11D3-BF4B-00C04F79EFBC}") = "BAI_2_EP_KIEU", "BAI_2_EP_KIEU\BAI_2_EP_KIEU.csproj", "{FA60279A-8C79-4101-8233-68CF13BB6306}"
EndProject
Project("{FAE04EC0-301F-11D3-BF4B-00C04F79EFBC}") = "BAI_3_NHAP_XUAT", "BAI_3_NHAP_XUAT\BAI_3_NHAP_XUAT.csproj", "{6374373D-1115-45DA-A9D9-A41875F1ED63}"
EndProject
Project("{FAE04EC0-301F-11D3-BF4B-00C04F79EFBC}") = "BAI_4_TOAN_TU", "BAI_4_TOAN_TU\BAI_4_TOAN_TU.csproj", "{7F4425C0-E948-41BD-9043-C73DB98D269E}"
EndProject
Project("{FAE04EC0-301F-11D3-BF4B-00C04F79EFBC}") = "BAI_5_IF_ELSE_VONG_LAP", "BAI_5_IF_ELSE_VONG_LAP\BAI_5_IF_ELSE_VONG_LAP.csproj", "{A2808168-6978-42DE-AB59-3C644BC87F3D}"
EndProject
Project("{FAE04EC0-301F-11D3-BF4B-00C04F79EFBC}") = "BAI_6_MENU", "BAI_6_MENU\BAI_6_MENU.csproj", "{820FD300-B026-46F0-B4D1-ACF9E1637AFC}"
EndProject
Project("{FAE04EC0-301F-11D3-BF4B-00C04F79EFBC}") = "BAI_7_MANG", "BAI_7_MANG\BAI_7_MANG.csproj", "{5E440403-F3B2-4450-9F9E-1CAA334C2A84}"
EndProject
Project("{FAE04EC0-301F-11D3-BF4B-00C04F79EFBC}") = "BAI_8_MANG_P2", "BAI_8_MANG_P2\BAI_8_MANG_P2.csproj", "{0132BDBB-D90D-48A0-AFB7-55FCC2718C02}"
EndProject
Project("{FAE04EC0-301F-11D3-BF4B-00C04F79EFBC}") = "BAI_9_OOP", "BAI_9_OOP\BAI_9_OOP.csproj", "{A4241743-7EB6-4E82-A6B1-0E2BBFC02C5D}"
EndProject
Project("{FAE04EC0-301F-11D3-BF4B-00C04F79EFBC}") = "BAI_10_OOP_LuyenTap", "BAI_10_OOP_LuyenTap\BAI_10_OOP_LuyenTap.csproj", "{07E9B2FF-4F24-4B18-B346-2452B0505EA8}"
EndProject
Project("{FAE04EC0-301F-11D3-BF4B-00C04F79EFBC}") = "BAI_11_ARRAYLIST_LIST", "BAI_11_ARRAYLIST_LIST\BAI_11_ARRAYLIST_LIST.csproj", "{85A64438-7BFA-4937-A32E-0218B58C0602}"
EndProject
Project("{FAE04EC0-301F-11D3-BF4B-00C04F79EFBC}") = "BAI_12_LIST_OOP", "BAI_12_LIST_OOP\BAI_12_LIST_OOP.csproj", "{2787087C-EF8D-4AB4-A4DC-872F320D594C}"
EndProject
Project("{FAE04EC0-301F-11D3-BF4B-00C04F79EFBC}") = "BAI_13_QLSACH", "BAI_13_QLSACH\BAI_13_QLSACH.csproj", "{C4583003-4D38-4D1B-A124-4F1B5DE17665}"
EndProject
Global
	GlobalSection(SolutionConfigurationPlatforms) = preSolution
		Debug|Any CPU = Debug|Any CPU
		Release|Any CPU = Release|Any CPU
	EndGlobalSection
	GlobalSection(ProjectConfigurationPlatforms) = postSolution
		{F59B515E-8D6D-4D23-9D55-B1260408ECE2}.Debug|Any CPU.ActiveCfg = Debug|Any CPU
		{F59B515E-8D6D-4D23-9D55-B1260408ECE2}.Debug|Any CPU.Build.0 = Debug|Any CPU
		{F59B515E-8D6D-4D23-9D55-B1260408ECE2}.Release|Any CPU.ActiveCfg = Release|Any CPU
		{F59B515E-8D6D-4D23-9D55-B1260408ECE2}.Release|Any CPU.Build.0 = Release|Any CPU
		{54FEB04E-9560-4972-8196-DEC7EFBBFD74}.Debug|Any CPU.ActiveCfg = Debug|Any CPU
		{54FEB04E-9560-4972-8196-DEC7EFBBFD74}.Debug|Any CPU.Build.0 = Debug|Any CPU
		{54FEB04E-9560-4972-8196-DEC7EFBBFD74}.Release|Any CPU.ActiveCfg = Release|Any CPU
		{54FEB04E-9560-4972-8196-DEC7EFBBFD74}.Release|Any CPU.Build.0 = Release|Any CPU
		{FA60279A-8C79-4101-8233-68CF13BB6306}.Debug|Any CPU.ActiveCfg = Debug|Any CPU
		{FA60279A-8C79-4101-8233-68CF13BB6306}.Debug|Any CPU.Build.0 = Debug|Any CPU
		{FA60279A-8C79-4101-8233-68CF13BB6306}.Release|Any CPU.ActiveCfg = Release|Any CPU
		{FA60279A-8C79-4101-8233-68CF13BB6306}.Release|Any CPU.Build.0 = Release|Any CPU
		{6374373D-1115-45DA-A9D9-A41875F1ED63}.Debug|Any CPU.ActiveCfg = Debug|Any CPU
		{6374373D-1115-45DA-A9D9-A41875F1ED63}.Debug|Any CPU.Build.0 = Debug|Any CPU
		{6374373D-1115-45DA-A9D9-A41875F1ED63}.Release|Any CPU.ActiveCfg = Release|Any CPU
		{6374373D-1115-45DA-A9D9-A41875F1ED63}.Release|Any CPU.Build.0 = Release|Any CPU
		{7F4425C0-E948-41BD-9043-C73DB98D269E}.Debug|Any CPU.ActiveCfg = Debug|Any CPU
		{7F4425C0-E948-41BD-9043-C73DB98D269E}.Debug|Any CPU.Build.0 = Debug|Any CPU
		{7F4425C0-E948-41BD-9043-C73DB98D269E}.Release|Any CPU.ActiveCfg = Release|Any CPU
		{7F4425C0-E948-41BD-9043-C73DB98D269E}.Release|Any CPU.Build.0 = Release|Any CPU
		{A2808168-6978-42DE-AB59-3C644BC87F3D}.Debug|Any CPU.ActiveCfg = Debug|Any CPU
		{A2808168-6978-42DE-AB59-3C644BC87F3D}.Debug|Any CPU.Build.0 = Debug|Any CPU
		{A2808168-6978-42DE-AB59-3C644BC87F3D}.Release|Any CPU.ActiveCfg = Release|Any CPU
		{A2808168-6978-42DE-AB59-3C644BC87F3D}.Release|Any CPU.Build.0 = Release|Any CPU
		{820FD300-B026-46F0-B4D1-ACF9E1637AFC}.Debug|Any CPU.ActiveCfg = Debug|Any CPU
		{820FD300-B026-46F0-B4D1-ACF9E1637AFC}.Debug|Any CPU.Build.0 = Debug|Any CPU
		{820FD300-B026-46F0-B4D1-ACF9E1637AFC}.Release|Any CPU.ActiveCfg = Release|Any CPU
		{820FD300-B026-46F0-B4D1-ACF9E1637AFC}.Release|Any CPU.Build.0 = Release|Any CPU
		{5E440403-F3B2-4450-9F9E-1CAA334C2A84}.Debug|Any CPU.ActiveCfg = Debug|Any CPU
		{5E440403-F3B2-4450-9F9E-1CAA334C2A84}.Debug|Any CPU.Build.0 = Debug|Any CPU
		{5E440403-F3B2-4450-9F9E-1CAA334C2A84}.Release|Any CPU.ActiveCfg = Release|Any CPU
		{5E440403-F3B2-4450-9F9E-1CAA334C2A84}.Release|Any CPU.Build.0 = Release|Any CPU
		{0132BDBB-D90D-48A0-AFB7-55FCC2718C02}.Debug|Any CPU.ActiveCfg = Debug|Any CPU
		{0132BDBB-D90D-48A0-AFB7-55FCC2718C02}.Debug|Any CPU.Build.0 = Debug|Any CPU
		{0132BDBB-D90D-48A0-AFB7-55FCC2718C02}.Release|Any CPU.ActiveCfg = Release|Any CPU
		{0132BDBB-D90D-48A0-AFB7-55FCC2718C02}.Release|Any CPU.Build.0 = Release|Any CPU
		{A4241743-7EB6-4E82-A6B1-0E2BBFC02C5D}.Debug|Any CPU.ActiveCfg = Debug|Any CPU
		{A4241743-7EB6-4E82-A6B1-0E2BBFC02C5D}.Debug|Any CPU.Build.0 = Debug|Any CPU
		{A4241743-7EB6-4E82-A6B1-0E2BBFC02C5D}.Release|Any CPU.ActiveCfg = Release|Any CPU
		{A4241743-7EB6-4E82-A6B1-0E2BBFC02C5D}.Release|Any CPU.Build.0 = Release|Any CPU
		{07E9B2FF-4F24-4B18-B346-2452B0505EA8}.Debug|Any CPU.ActiveCfg = Debug|Any CPU
		{07E9B2FF-4F24-4B18-B346-2452B0505EA8}.Debug|Any CPU.Build.0 = Debug|Any CPU
		{07E9B2FF-4F24-4B18-B346-2452B0505EA8}.Release|Any CPU.ActiveCfg = Release|Any CPU
		{07E9B2FF-4F24-4B18-B346-2452B0505EA8}.Release|Any CPU.Build.0 = Release|Any CPU
		{85A64438-7BFA-4937-A32E-0218B58C0602}.Debug|Any CPU.ActiveCfg = Debug|Any CPU
		{85A64438-7BFA-4937-A32E-0218B58C0602}.Debug|Any CPU.Build.0 = Debug|Any CPU
		{85A64438-7BFA-4937-A32E-0218B58C0602}.Release|Any CPU.ActiveCfg = Release|Any CPU
		{85A64438-7BFA-4937-A32E-0218B58C0602}.Release|Any CPU.Build.0 = Release|Any CPU
		{2787087C-EF8D-4AB4-A4DC-872F320D594C}.Debug|Any CPU.ActiveCfg = Debug|Any CPU
		{2787087C-EF8D-4AB4-A4DC-872F320D594C}.Debug|Any CPU.Build.0 = Debug|Any CPU
		{2787087C-EF8D-4AB4-A4DC-872F320D594C}.Release|Any CPU.ActiveCfg = Release|Any CPU
		{2787087C-EF8D-4AB4-A4DC-872F320D594C}.Release|Any CPU.Build.0 = Release|Any CPU
		{C4583003-4D38-4D1B-A124-4F1B5DE17665}.Debug|Any CPU.ActiveCfg = Debug|Any CPU
		{C4583003-4D38-4D1B-A124-4F1B5DE17665}.Debug|Any CPU.Build.0 = Debug|Any CPU
		{C4583003-4D38-4D1B-A124-4F1B5DE17665}.Release|Any CPU.ActiveCfg = Release|Any CPU
		{C4583003-4D38-4D1B-A124-4F1B5DE17665}.Release|Any CPU.Build.0 = Release|Any CPU
	EndGlobalSection
	GlobalSection(SolutionProperties) = preSolution
		HideSolutionNode = FALSE
	EndGlobalSection
	GlobalSection(ExtensibilityGlobals) = postSolution
		SolutionGuid = {3B37B3CD-5D30-4B69-B20D-D82093C7D0BA}
	EndGlobalSection
EndGlobal
